// !$*UTF8*$!
{
	archiveVersion = 1;
	classes = {
	};
	objectVersion = 56;
	objects = {

/* Begin PBXBuildFile section */
		6668A787C17F4E6E93C6CC2D /* ExerciseSelector.swift in Sources */ = {isa = PBXBuildFile; fileRef = 6668A787C17F4E6E93C6CC2E /* ExerciseSelector.swift */; };
		796CC9702E6CEB1600391532 /* FitnessExercise.swift in Sources */ = {isa = PBXBuildFile; fileRef = 796CC96E2E6CEB1600391532 /* FitnessExercise.swift */; };
		796CC9712E6CEB1600391532 /* FitnessView.swift in Sources */ = {isa = PBXBuildFile; fileRef = 796CC96F2E6CEB1600391532 /* FitnessView.swift */; };
		796CC9762E6D1D2200391532 /* PreBuiltWorkouts.swift in Sources */ = {isa = PBXBuildFile; fileRef = 796CC9752E6D1D2200391532 /* PreBuiltWorkouts.swift */; };
		796CC9782E6D1D3500391532 /* WorkoutSelector.swift in Sources */ = {isa = PBXBuildFile; fileRef = 796CC9772E6D1D3500391532 /* WorkoutSelector.swift */; };
		799BE8302E6D233700FE40EB /* FirebaseAuth in Frameworks */ = {isa = PBXBuildFile; productRef = 799BE82F2E6D233700FE40EB /* FirebaseAuth */; };
		799BE8322E6D233700FE40EB /* FirebaseDatabase in Frameworks */ = {isa = PBXBuildFile; productRef = 799BE8312E6D233700FE40EB /* FirebaseDatabase */; };
		799BE8342E6D233700FE40EB /* FirebaseFirestore in Frameworks */ = {isa = PBXBuildFile; productRef = 799BE8332E6D233700FE40EB /* FirebaseFirestore */; };
		799BE8362E6D233700FE40EB /* FirebaseFunctions in Frameworks */ = {isa = PBXBuildFile; productRef = 799BE8352E6D233700FE40EB /* FirebaseFunctions */; };
		799BE8382E6D233700FE40EB /* FirebaseStorage in Frameworks */ = {isa = PBXBuildFile; productRef = 799BE8372E6D233700FE40EB /* FirebaseStorage */; };
		799BE83B2E6D234E00FE40EB /* GoogleSignIn in Frameworks */ = {isa = PBXBuildFile; productRef = 799BE83A2E6D234E00FE40EB /* GoogleSignIn */; };
		799BE83D2E6D234E00FE40EB /* GoogleSignInSwift in Frameworks */ = {isa = PBXBuildFile; productRef = 799BE83C2E6D234E00FE40EB /* GoogleSignInSwift */; };
		799BE8442E6D236100FE40EB /* AuthView.swift in Sources */ = {isa = PBXBuildFile; fileRef = 799BE83F2E6D236100FE40EB /* AuthView.swift */; };
		799BE8452E6D236100FE40EB /* FirebaseConfig.swift in Sources */ = {isa = PBXBuildFile; fileRef = 799BE8402E6D236100FE40EB /* FirebaseConfig.swift */; };
		799BE8462E6D236100FE40EB /* FirestoreService.swift in Sources */ = {isa = PBXBuildFile; fileRef = 799BE8412E6D236100FE40EB /* FirestoreService.swift */; };
		799BE8472E6D236100FE40EB /* AuthService.swift in Sources */ = {isa = PBXBuildFile; fileRef = 799BE83E2E6D236100FE40EB /* AuthService.swift */; };
		799BE8482E6D236100FE40EB /* StorageService.swift in Sources */ = {isa = PBXBuildFile; fileRef = 799BE8432E6D236100FE40EB /* StorageService.swift */; };
		799BE8492E6D236100FE40EB /* GoogleService-Info.plist in Resources */ = {isa = PBXBuildFile; fileRef = 799BE8422E6D236100FE40EB /* GoogleService-Info.plist */; };
		89C404E822DE439E9DEEB52 /* ExerciseCategorySelector.swift in Sources */ = {isa = PBXBuildFile; fileRef = 89C404E822DE439E9DEEB53 /* ExerciseCategorySelector.swift */; };
		A1B2C3D4E5F67890 /* PureMetricsApp.swift in Sources */ = {isa = PBXBuildFile; fileRef = A1B2C3D4E5F67891 /* PureMetricsApp.swift */; };
		A1B2C3D4E5F67892 /* ContentView.swift in Sources */ = {isa = PBXBuildFile; fileRef = A1B2C3D4E5F67893 /* ContentView.swift */; };
		A1B2C3D4E5F67894 /* Assets.xcassets in Resources */ = {isa = PBXBuildFile; fileRef = A1B2C3D4E5F67895 /* Assets.xcassets */; };
		A1B2C3D4E5F67896 /* Preview Assets.xcassets in Resources */ = {isa = PBXBuildFile; fileRef = A1B2C3D4E5F67897 /* Preview Assets.xcassets */; };
		A1B2C3D4E5F67898 /* BloodPressureReading.swift in Sources */ = {isa = PBXBuildFile; fileRef = A1B2C3D4E5F67899 /* BloodPressureReading.swift */; };
		A1B2C3D4E5F6789A /* BPSession.swift in Sources */ = {isa = PBXBuildFile; fileRef = A1B2C3D4E5F6789B /* BPSession.swift */; };
		A1B2C3D4E5F6789C /* SessionView.swift in Sources */ = {isa = PBXBuildFile; fileRef = A1B2C3D4E5F6789D /* SessionView.swift */; };
		A1B2C3D4E5F6789E /* HistoryView.swift in Sources */ = {isa = PBXBuildFile; fileRef = A1B2C3D4E5F6789F /* HistoryView.swift */; };
		A1B2C3D4E5F678A0 /* BPDataManager.swift in Sources */ = {isa = PBXBuildFile; fileRef = A1B2C3D4E5F678A1 /* BPDataManager.swift */; };
		A1B2C3D4E5F678A2 /* ProfileView.swift in Sources */ = {isa = PBXBuildFile; fileRef = A1B2C3D4E5F678A3 /* ProfileView.swift */; };
		A1B2C3D4E5F678A4 /* TrendsView.swift in Sources */ = {isa = PBXBuildFile; fileRef = A1B2C3D4E5F678A5 /* TrendsView.swift */; };
		A1B2C3D4E5F678A6 /* DailyReadingsView.swift in Sources */ = {isa = PBXBuildFile; fileRef = A1B2C3D4E5F678A7 /* DailyReadingsView.swift */; };
		A1B2C3D4E5F678A8 /* HealthMetric.swift in Sources */ = {isa = PBXBuildFile; fileRef = A1B2C3D4E5F678A9 /* HealthMetric.swift */; };
		A1B2C3D4E5F678AA /* HealthMetricInput.swift in Sources */ = {isa = PBXBuildFile; fileRef = A1B2C3D4E5F678AB /* HealthMetricInput.swift */; };
/* End PBXBuildFile section */

/* Begin PBXFileReference section */
		6668A787C17F4E6E93C6CC2E /* ExerciseSelector.swift */ = {isa = PBXFileReference; lastKnownFileType = sourcecode.swift; path = ExerciseSelector.swift; sourceTree = "<group>"; };
		796CC96E2E6CEB1600391532 /* FitnessExercise.swift */ = {isa = PBXFileReference; lastKnownFileType = sourcecode.swift; path = FitnessExercise.swift; sourceTree = "<group>"; };
		796CC96F2E6CEB1600391532 /* FitnessView.swift */ = {isa = PBXFileReference; lastKnownFileType = sourcecode.swift; path = FitnessView.swift; sourceTree = "<group>"; };
		796CC9752E6D1D2200391532 /* PreBuiltWorkouts.swift */ = {isa = PBXFileReference; lastKnownFileType = sourcecode.swift; path = PreBuiltWorkouts.swift; sourceTree = "<group>"; };
		796CC9772E6D1D3500391532 /* WorkoutSelector.swift */ = {isa = PBXFileReference; lastKnownFileType = sourcecode.swift; path = WorkoutSelector.swift; sourceTree = "<group>"; };
		799BE83E2E6D236100FE40EB /* AuthService.swift */ = {isa = PBXFileReference; lastKnownFileType = sourcecode.swift; path = AuthService.swift; sourceTree = "<group>"; };
		799BE83F2E6D236100FE40EB /* AuthView.swift */ = {isa = PBXFileReference; lastKnownFileType = sourcecode.swift; path = AuthView.swift; sourceTree = "<group>"; };
		799BE8402E6D236100FE40EB /* FirebaseConfig.swift */ = {isa = PBXFileReference; lastKnownFileType = sourcecode.swift; path = FirebaseConfig.swift; sourceTree = "<group>"; };
		799BE8412E6D236100FE40EB /* FirestoreService.swift */ = {isa = PBXFileReference; lastKnownFileType = sourcecode.swift; path = FirestoreService.swift; sourceTree = "<group>"; };
		799BE8422E6D236100FE40EB /* GoogleService-Info.plist */ = {isa = PBXFileReference; lastKnownFileType = text.plist.xml; path = "GoogleService-Info.plist"; sourceTree = "<group>"; };
		799BE8432E6D236100FE40EB /* StorageService.swift */ = {isa = PBXFileReference; lastKnownFileType = sourcecode.swift; path = StorageService.swift; sourceTree = "<group>"; };
		89C404E822DE439E9DEEB53 /* ExerciseCategorySelector.swift */ = {isa = PBXFileReference; lastKnownFileType = sourcecode.swift; path = ExerciseCategorySelector.swift; sourceTree = "<group>"; };
		A1B2C3D4E5F67891 /* PureMetricsApp.swift */ = {isa = PBXFileReference; lastKnownFileType = sourcecode.swift; path = PureMetricsApp.swift; sourceTree = "<group>"; };
		A1B2C3D4E5F67893 /* ContentView.swift */ = {isa = PBXFileReference; lastKnownFileType = sourcecode.swift; path = ContentView.swift; sourceTree = "<group>"; };
		A1B2C3D4E5F67895 /* Assets.xcassets */ = {isa = PBXFileReference; lastKnownFileType = folder.assetcatalog; path = Assets.xcassets; sourceTree = "<group>"; };
		A1B2C3D4E5F67897 /* Preview Assets.xcassets */ = {isa = PBXFileReference; lastKnownFileType = folder.assetcatalog; path = "Preview Assets.xcassets"; sourceTree = "<group>"; };
		A1B2C3D4E5F67899 /* BloodPressureReading.swift */ = {isa = PBXFileReference; lastKnownFileType = sourcecode.swift; path = BloodPressureReading.swift; sourceTree = "<group>"; };
		A1B2C3D4E5F6789B /* BPSession.swift */ = {isa = PBXFileReference; lastKnownFileType = sourcecode.swift; path = BPSession.swift; sourceTree = "<group>"; };
		A1B2C3D4E5F6789D /* SessionView.swift */ = {isa = PBXFileReference; lastKnownFileType = sourcecode.swift; path = SessionView.swift; sourceTree = "<group>"; };
		A1B2C3D4E5F6789F /* HistoryView.swift */ = {isa = PBXFileReference; lastKnownFileType = sourcecode.swift; path = HistoryView.swift; sourceTree = "<group>"; };
		A1B2C3D4E5F678A1 /* BPDataManager.swift */ = {isa = PBXFileReference; lastKnownFileType = sourcecode.swift; path = BPDataManager.swift; sourceTree = "<group>"; };
		A1B2C3D4E5F678A3 /* ProfileView.swift */ = {isa = PBXFileReference; lastKnownFileType = sourcecode.swift; path = ProfileView.swift; sourceTree = "<group>"; };
		A1B2C3D4E5F678A5 /* TrendsView.swift */ = {isa = PBXFileReference; lastKnownFileType = sourcecode.swift; path = TrendsView.swift; sourceTree = "<group>"; };
		A1B2C3D4E5F678A7 /* DailyReadingsView.swift */ = {isa = PBXFileReference; lastKnownFileType = sourcecode.swift; path = DailyReadingsView.swift; sourceTree = "<group>"; };
		A1B2C3D4E5F678A9 /* HealthMetric.swift */ = {isa = PBXFileReference; lastKnownFileType = sourcecode.swift; path = HealthMetric.swift; sourceTree = "<group>"; };
		A1B2C3D4E5F678AB /* HealthMetricInput.swift */ = {isa = PBXFileReference; lastKnownFileType = sourcecode.swift; path = HealthMetricInput.swift; sourceTree = "<group>"; };
		A1B2C3D4E5F678AC /* PureMetrics.app */ = {isa = PBXFileReference; explicitFileType = wrapper.application; includeInIndex = 0; path = PureMetrics.app; sourceTree = BUILT_PRODUCTS_DIR; };
/* End PBXFileReference section */

/* Begin PBXFrameworksBuildPhase section */
		A1B2C3D4E5F678AD /* Frameworks */ = {
			isa = PBXFrameworksBuildPhase;
			buildActionMask = 2147483647;
			files = (
				799BE8322E6D233700FE40EB /* FirebaseDatabase in Frameworks */,
				799BE8302E6D233700FE40EB /* FirebaseAuth in Frameworks */,
				799BE83D2E6D234E00FE40EB /* GoogleSignInSwift in Frameworks */,
				799BE8342E6D233700FE40EB /* FirebaseFirestore in Frameworks */,
				799BE8382E6D233700FE40EB /* FirebaseStorage in Frameworks */,
				799BE8362E6D233700FE40EB /* FirebaseFunctions in Frameworks */,
				799BE83B2E6D234E00FE40EB /* GoogleSignIn in Frameworks */,
			);
			runOnlyForDeploymentPostprocessing = 0;
		};
/* End PBXFrameworksBuildPhase section */

/* Begin PBXGroup section */
		A1B2C3D4E5F678AE = {
			isa = PBXGroup;
			children = (
				A1B2C3D4E5F678AF /* PureMetrics */,
				A1B2C3D4E5F678B0 /* Products */,
			);
			sourceTree = "<group>";
		};
		A1B2C3D4E5F678AF /* PureMetrics */ = {
			isa = PBXGroup;
			children = (
				799BE83E2E6D236100FE40EB /* AuthService.swift */,
				799BE83F2E6D236100FE40EB /* AuthView.swift */,
				799BE8402E6D236100FE40EB /* FirebaseConfig.swift */,
				799BE8412E6D236100FE40EB /* FirestoreService.swift */,
				799BE8422E6D236100FE40EB /* GoogleService-Info.plist */,
				799BE8432E6D236100FE40EB /* StorageService.swift */,
				796CC9772E6D1D3500391532 /* WorkoutSelector.swift */,
				796CC9752E6D1D2200391532 /* PreBuiltWorkouts.swift */,
				796CC96E2E6CEB1600391532 /* FitnessExercise.swift */,
				796CC96F2E6CEB1600391532 /* FitnessView.swift */,
				89C404E822DE439E9DEEB53 /* ExerciseCategorySelector.swift */,
				6668A787C17F4E6E93C6CC2E /* ExerciseSelector.swift */,
				A1B2C3D4E5F67891 /* PureMetricsApp.swift */,
				A1B2C3D4E5F67893 /* ContentView.swift */,
				A1B2C3D4E5F67899 /* BloodPressureReading.swift */,
				A1B2C3D4E5F6789B /* BPSession.swift */,
				A1B2C3D4E5F6789D /* SessionView.swift */,
				A1B2C3D4E5F6789F /* HistoryView.swift */,
				A1B2C3D4E5F678A1 /* BPDataManager.swift */,
				A1B2C3D4E5F678A3 /* ProfileView.swift */,
				A1B2C3D4E5F678A5 /* TrendsView.swift */,
				A1B2C3D4E5F678A7 /* DailyReadingsView.swift */,
				A1B2C3D4E5F678A9 /* HealthMetric.swift */,
				A1B2C3D4E5F678AB /* HealthMetricInput.swift */,
				A1B2C3D4E5F67895 /* Assets.xcassets */,
				A1B2C3D4E5F678B1 /* Preview Content */,
			);
			path = PureMetrics;
			sourceTree = "<group>";
		};
		A1B2C3D4E5F678B0 /* Products */ = {
			isa = PBXGroup;
			children = (
				A1B2C3D4E5F678AC /* PureMetrics.app */,
			);
			name = Products;
			sourceTree = "<group>";
		};
		A1B2C3D4E5F678B1 /* Preview Content */ = {
			isa = PBXGroup;
			children = (
				A1B2C3D4E5F67897 /* Preview Assets.xcassets */,
			);
			path = "Preview Content";
			sourceTree = "<group>";
		};
/* End PBXGroup section */

/* Begin PBXNativeTarget section */
		A1B2C3D4E5F678B2 /* PureMetrics */ = {
			isa = PBXNativeTarget;
			buildConfigurationList = A1B2C3D4E5F678B3 /* Build configuration list for PBXNativeTarget "PureMetrics" */;
			buildPhases = (
				A1B2C3D4E5F678B4 /* Sources */,
				A1B2C3D4E5F678AD /* Frameworks */,
				A1B2C3D4E5F678B5 /* Resources */,
			);
			buildRules = (
			);
			dependencies = (
			);
			name = PureMetrics;
			productName = PureMetrics;
			productReference = A1B2C3D4E5F678AC /* PureMetrics.app */;
			productType = "com.apple.product-type.application";
		};
/* End PBXNativeTarget section */

/* Begin PBXProject section */
		A1B2C3D4E5F678B6 /* Project object */ = {
			isa = PBXProject;
			attributes = {
				BuildIndependentTargetsInParallel = 1;
				LastSwiftUpdateCheck = 1500;
				LastUpgradeCheck = 1500;
				TargetAttributes = {
					A1B2C3D4E5F678B2 = {
						CreatedOnToolsVersion = 15.0;
					};
				};
			};
			buildConfigurationList = A1B2C3D4E5F678B7 /* Build configuration list for PBXProject "PureMetrics" */;
			compatibilityVersion = "Xcode 14.0";
			developmentRegion = en;
			hasScannedForEncodings = 0;
			knownRegions = (
				en,
				Base,
			);
			mainGroup = A1B2C3D4E5F678AE;
			packageReferences = (
				799BE82E2E6D233700FE40EB /* XCRemoteSwiftPackageReference "firebase-ios-sdk" */,
				799BE8392E6D234E00FE40EB /* XCRemoteSwiftPackageReference "GoogleSignIn-iOS" */,
			);
			productRefGroup = A1B2C3D4E5F678B0 /* Products */;
			projectDirPath = "";
			projectRoot = "";
			targets = (
				A1B2C3D4E5F678B2 /* PureMetrics */,
			);
		};
/* End PBXProject section */

/* Begin PBXResourcesBuildPhase section */
		A1B2C3D4E5F678B5 /* Resources */ = {
			isa = PBXResourcesBuildPhase;
			buildActionMask = 2147483647;
			files = (
				A1B2C3D4E5F67896 /* Preview Assets.xcassets in Resources */,
				A1B2C3D4E5F67894 /* Assets.xcassets in Resources */,
				799BE8492E6D236100FE40EB /* GoogleService-Info.plist in Resources */,
			);
			runOnlyForDeploymentPostprocessing = 0;
		};
/* End PBXResourcesBuildPhase section */

/* Begin PBXSourcesBuildPhase section */
		A1B2C3D4E5F678B4 /* Sources */ = {
			isa = PBXSourcesBuildPhase;
			buildActionMask = 2147483647;
			files = (
				A1B2C3D4E5F6789A /* BPSession.swift in Sources */,
				A1B2C3D4E5F6789C /* SessionView.swift in Sources */,
				A1B2C3D4E5F6789E /* HistoryView.swift in Sources */,
				A1B2C3D4E5F678A0 /* BPDataManager.swift in Sources */,
				A1B2C3D4E5F678A2 /* ProfileView.swift in Sources */,
				799BE8442E6D236100FE40EB /* AuthView.swift in Sources */,
				799BE8452E6D236100FE40EB /* FirebaseConfig.swift in Sources */,
				799BE8462E6D236100FE40EB /* FirestoreService.swift in Sources */,
				799BE8472E6D236100FE40EB /* AuthService.swift in Sources */,
				799BE8482E6D236100FE40EB /* StorageService.swift in Sources */,
				A1B2C3D4E5F678A4 /* TrendsView.swift in Sources */,
				796CC9702E6CEB1600391532 /* FitnessExercise.swift in Sources */,
				796CC9712E6CEB1600391532 /* FitnessView.swift in Sources */,
				89C404E822DE439E9DEEB52 /* ExerciseCategorySelector.swift in Sources */,
				796CC9762E6D1D2200391532 /* PreBuiltWorkouts.swift in Sources */,
				6668A787C17F4E6E93C6CC2D /* ExerciseSelector.swift in Sources */,
				A1B2C3D4E5F678A6 /* DailyReadingsView.swift in Sources */,
				796CC9782E6D1D3500391532 /* WorkoutSelector.swift in Sources */,
				A1B2C3D4E5F678A8 /* HealthMetric.swift in Sources */,
				A1B2C3D4E5F678AA /* HealthMetricInput.swift in Sources */,
				A1B2C3D4E5F67890 /* PureMetricsApp.swift in Sources */,
				A1B2C3D4E5F67892 /* ContentView.swift in Sources */,
				A1B2C3D4E5F67898 /* BloodPressureReading.swift in Sources */,
			);
			runOnlyForDeploymentPostprocessing = 0;
		};
/* End PBXSourcesBuildPhase section */

/* Begin XCBuildConfiguration section */
		A1B2C3D4E5F678B8 /* Debug */ = {
			isa = XCBuildConfiguration;
			buildSettings = {
				ALWAYS_SEARCH_USER_PATHS = NO;
				ASSETCATALOG_COMPILER_GENERATE_SWIFT_ASSET_SYMBOL_EXTENSIONS = YES;
				CLANG_ANALYZER_NONNULL = YES;
				CLANG_ANALYZER_NUMBER_OBJECT_CONVERSION = YES_AGGRESSIVE;
				CLANG_CXX_LANGUAGE_STANDARD = "gnu++20";
				CLANG_ENABLE_MODULES = YES;
				CLANG_ENABLE_OBJC_ARC = YES;
				CLANG_ENABLE_OBJC_WEAK = YES;
				CLANG_WARN_BLOCK_CAPTURE_AUTORELEASING = YES;
				CLANG_WARN_BOOL_CONVERSION = YES;
				CLANG_WARN_COMMA = YES;
				CLANG_WARN_CONSTANT_CONVERSION = YES;
				CLANG_WARN_DEPRECATED_OBJC_IMPLEMENTATIONS = YES;
				CLANG_WARN_DIRECT_OBJC_ISA_USAGE = YES_ERROR;
				CLANG_WARN_DOCUMENTATION_COMMENTS = YES;
				CLANG_WARN_EMPTY_BODY = YES;
				CLANG_WARN_ENUM_CONVERSION = YES;
				CLANG_WARN_INFINITE_RECURSION = YES;
				CLANG_WARN_INT_CONVERSION = YES;
				CLANG_WARN_NON_LITERAL_NULL_CONVERSION = YES;
				CLANG_WARN_OBJC_IMPLICIT_RETAIN_SELF = YES;
				CLANG_WARN_OBJC_LITERAL_CONVERSION = YES;
				CLANG_WARN_OBJC_ROOT_CLASS = YES_ERROR;
				CLANG_WARN_QUOTED_INCLUDE_IN_FRAMEWORK_HEADER = YES;
				CLANG_WARN_RANGE_LOOP_ANALYSIS = YES;
				CLANG_WARN_STRICT_PROTOTYPES = YES;
				CLANG_WARN_SUSPICIOUS_MOVE = YES;
				CLANG_WARN_UNGUARDED_AVAILABILITY = YES_AGGRESSIVE;
				CLANG_WARN_UNREACHABLE_CODE = YES;
				CLANG_WARN__DUPLICATE_METHOD_MATCH = YES;
				COPY_PHASE_STRIP = NO;
				DEBUG_INFORMATION_FORMAT = dwarf;
				ENABLE_STRICT_OBJC_MSGSEND = YES;
				ENABLE_TESTABILITY = YES;
				ENABLE_USER_SCRIPT_SANDBOXING = YES;
				GCC_C_LANGUAGE_STANDARD = gnu17;
				GCC_DYNAMIC_NO_PIC = NO;
				GCC_NO_COMMON_BLOCKS = YES;
				GCC_OPTIMIZATION_LEVEL = 0;
				GCC_PREPROCESSOR_DEFINITIONS = (
					"DEBUG=1",
					"$(inherited)",
				);
				GCC_WARN_64_TO_32_BIT_CONVERSION = YES;
				GCC_WARN_ABOUT_RETURN_TYPE = YES_ERROR;
				GCC_WARN_UNDECLARED_SELECTOR = YES;
				GCC_WARN_UNINITIALIZED_AUTOS = YES_AGGRESSIVE;
				GCC_WARN_UNUSED_FUNCTION = YES;
				GCC_WARN_UNUSED_VARIABLE = YES;
				IPHONEOS_DEPLOYMENT_TARGET = 17.0;
				LOCALIZATION_PREFERS_STRING_CATALOGS = YES;
				MTL_ENABLE_DEBUG_INFO = INCLUDE_SOURCE;
				MTL_FAST_MATH = YES;
				ONLY_ACTIVE_ARCH = YES;
				SDKROOT = iphoneos;
				SWIFT_ACTIVE_COMPILATION_CONDITIONS = "DEBUG $(inherited)";
				SWIFT_OPTIMIZATION_LEVEL = "-Onone";
			};
			name = Debug;
		};
		A1B2C3D4E5F678B9 /* Release */ = {
			isa = XCBuildConfiguration;
			buildSettings = {
				ALWAYS_SEARCH_USER_PATHS = NO;
				ASSETCATALOG_COMPILER_GENERATE_SWIFT_ASSET_SYMBOL_EXTENSIONS = YES;
				CLANG_ANALYZER_NONNULL = YES;
				CLANG_ANALYZER_NUMBER_OBJECT_CONVERSION = YES_AGGRESSIVE;
				CLANG_CXX_LANGUAGE_STANDARD = "gnu++20";
				CLANG_ENABLE_MODULES = YES;
				CLANG_ENABLE_OBJC_ARC = YES;
				CLANG_ENABLE_OBJC_WEAK = YES;
				CLANG_WARN_BLOCK_CAPTURE_AUTORELEASING = YES;
				CLANG_WARN_BOOL_CONVERSION = YES;
				CLANG_WARN_COMMA = YES;
				CLANG_WARN_CONSTANT_CONVERSION = YES;
				CLANG_WARN_DEPRECATED_OBJC_IMPLEMENTATIONS = YES;
				CLANG_WARN_DIRECT_OBJC_ISA_USAGE = YES_ERROR;
				CLANG_WARN_DOCUMENTATION_COMMENTS = YES;
				CLANG_WARN_EMPTY_BODY = YES;
				CLANG_WARN_ENUM_CONVERSION = YES;
				CLANG_WARN_INFINITE_RECURSION = YES;
				CLANG_WARN_INT_CONVERSION = YES;
				CLANG_WARN_NON_LITERAL_NULL_CONVERSION = YES;
				CLANG_WARN_OBJC_IMPLICIT_RETAIN_SELF = YES;
				CLANG_WARN_OBJC_LITERAL_CONVERSION = YES;
				CLANG_WARN_OBJC_ROOT_CLASS = YES_ERROR;
				CLANG_WARN_QUOTED_INCLUDE_IN_FRAMEWORK_HEADER = YES;
				CLANG_WARN_RANGE_LOOP_ANALYSIS = YES;
				CLANG_WARN_STRICT_PROTOTYPES = YES;
				CLANG_WARN_SUSPICIOUS_MOVE = YES;
				CLANG_WARN_UNGUARDED_AVAILABILITY = YES_AGGRESSIVE;
				CLANG_WARN_UNREACHABLE_CODE = YES;
				CLANG_WARN__DUPLICATE_METHOD_MATCH = YES;
				COPY_PHASE_STRIP = NO;
				DEBUG_INFORMATION_FORMAT = "dwarf-with-dsym";
				ENABLE_NS_ASSERTIONS = NO;
				ENABLE_STRICT_OBJC_MSGSEND = YES;
				ENABLE_USER_SCRIPT_SANDBOXING = YES;
				GCC_C_LANGUAGE_STANDARD = gnu17;
				GCC_NO_COMMON_BLOCKS = YES;
				GCC_WARN_64_TO_32_BIT_CONVERSION = YES;
				GCC_WARN_ABOUT_RETURN_TYPE = YES_ERROR;
				GCC_WARN_UNDECLARED_SELECTOR = YES;
				GCC_WARN_UNINITIALIZED_AUTOS = YES_AGGRESSIVE;
				GCC_WARN_UNUSED_FUNCTION = YES;
				GCC_WARN_UNUSED_VARIABLE = YES;
				IPHONEOS_DEPLOYMENT_TARGET = 17.0;
				LOCALIZATION_PREFERS_STRING_CATALOGS = YES;
				MTL_ENABLE_DEBUG_INFO = NO;
				MTL_FAST_MATH = YES;
				SDKROOT = iphoneos;
				SWIFT_COMPILATION_MODE = wholemodule;
				VALIDATE_PRODUCT = YES;
			};
			name = Release;
		};
		A1B2C3D4E5F678BA /* Debug */ = {
			isa = XCBuildConfiguration;
			buildSettings = {
				ASSETCATALOG_COMPILER_APPICON_NAME = AppIcon;
				ASSETCATALOG_COMPILER_GLOBAL_ACCENT_COLOR_NAME = AccentColor;
				ASSETCATALOG_COMPILER_INCLUDE_ALL_APPICON_ASSETS = YES;
				CODE_SIGN_STYLE = Automatic;
				CURRENT_PROJECT_VERSION = 1;
				DEVELOPMENT_ASSET_PATHS = "\"PureMetrics/Preview Content\"";
				DEVELOPMENT_TEAM = HN6CFCKN72;
				ENABLE_PREVIEWS = YES;
				GENERATE_INFOPLIST_FILE = YES;
				INFOPLIST_KEY_CFBundleURLTypes = (
					{
						CFBundleURLName = "GoogleSignIn";
						CFBundleURLSchemes = (
							"com.googleusercontent.apps.648441755880-ufqhb40a3a4m0sdlc202hm0hguuq75f4"
						);
					}
				);
				INFOPLIST_KEY_UIApplicationSceneManifest_Generation = YES;
				INFOPLIST_KEY_UIApplicationSupportsIndirectInputEvents = YES;
				INFOPLIST_KEY_UILaunchScreen_Generation = YES;
				INFOPLIST_KEY_UISupportedInterfaceOrientations_iPad = "UIInterfaceOrientationPortrait UIInterfaceOrientationPortraitUpsideDown UIInterfaceOrientationLandscapeLeft UIInterfaceOrientationLandscapeRight";
				INFOPLIST_KEY_UISupportedInterfaceOrientations_iPhone = "UIInterfaceOrientationPortrait UIInterfaceOrientationLandscapeLeft UIInterfaceOrientationLandscapeRight";
				LD_RUNPATH_SEARCH_PATHS = (
					"$(inherited)",
					"@executable_path/Frameworks",
				);
				MARKETING_VERSION = 1.0;
				PRODUCT_BUNDLE_IDENTIFIER = com.puremetrics.app;
				PRODUCT_NAME = "$(TARGET_NAME)";
				SWIFT_EMIT_LOC_STRINGS = YES;
				SWIFT_VERSION = 5.0;
				TARGETED_DEVICE_FAMILY = "1,2";
			};
			name = Debug;
		};
		A1B2C3D4E5F678BB /* Release */ = {
			isa = XCBuildConfiguration;
			buildSettings = {
				ASSETCATALOG_COMPILER_APPICON_NAME = AppIcon;
				ASSETCATALOG_COMPILER_GLOBAL_ACCENT_COLOR_NAME = AccentColor;
				ASSETCATALOG_COMPILER_INCLUDE_ALL_APPICON_ASSETS = YES;
				CODE_SIGN_STYLE = Automatic;
				CURRENT_PROJECT_VERSION = 1;
				DEVELOPMENT_ASSET_PATHS = "\"PureMetrics/Preview Content\"";
				DEVELOPMENT_TEAM = HN6CFCKN72;
				ENABLE_PREVIEWS = YES;
				GENERATE_INFOPLIST_FILE = YES;
				INFOPLIST_KEY_CFBundleURLTypes = (
					{
						CFBundleURLName = "GoogleSignIn";
						CFBundleURLSchemes = (
							"com.googleusercontent.apps.648441755880-ufqhb40a3a4m0sdlc202hm0hguuq75f4"
						);
					}
				);
				INFOPLIST_KEY_UIApplicationSceneManifest_Generation = YES;
				INFOPLIST_KEY_UIApplicationSupportsIndirectInputEvents = YES;
				INFOPLIST_KEY_UILaunchScreen_Generation = YES;
				INFOPLIST_KEY_UISupportedInterfaceOrientations_iPad = "UIInterfaceOrientationPortrait UIInterfaceOrientationPortraitUpsideDown UIInterfaceOrientationLandscapeLeft UIInterfaceOrientationLandscapeRight";
				INFOPLIST_KEY_UISupportedInterfaceOrientations_iPhone = "UIInterfaceOrientationPortrait UIInterfaceOrientationLandscapeLeft UIInterfaceOrientationLandscapeRight";
				LD_RUNPATH_SEARCH_PATHS = (
					"$(inherited)",
					"@executable_path/Frameworks",
				);
				MARKETING_VERSION = 1.0;
				PRODUCT_BUNDLE_IDENTIFIER = com.puremetrics.app;
				PRODUCT_NAME = "$(TARGET_NAME)";
				SWIFT_EMIT_LOC_STRINGS = YES;
				SWIFT_VERSION = 5.0;
				TARGETED_DEVICE_FAMILY = "1,2";
			};
			name = Release;
		};
/* End XCBuildConfiguration section */

/* Begin XCConfigurationList section */
		A1B2C3D4E5F678B3 /* Build configuration list for PBXNativeTarget "PureMetrics" */ = {
			isa = XCConfigurationList;
			buildConfigurations = (
				A1B2C3D4E5F678BA /* Debug */,
				A1B2C3D4E5F678BB /* Release */,
			);
			defaultConfigurationIsVisible = 0;
			defaultConfigurationName = Release;
		};
		A1B2C3D4E5F678B7 /* Build configuration list for PBXProject "PureMetrics" */ = {
			isa = XCConfigurationList;
			buildConfigurations = (
				A1B2C3D4E5F678B8 /* Debug */,
				A1B2C3D4E5F678B9 /* Release */,
			);
			defaultConfigurationIsVisible = 0;
			defaultConfigurationName = Release;
		};
/* End XCConfigurationList section */

/* Begin XCRemoteSwiftPackageReference section */
		799BE82E2E6D233700FE40EB /* XCRemoteSwiftPackageReference "firebase-ios-sdk" */ = {
			isa = XCRemoteSwiftPackageReference;
			repositoryURL = "https://github.com/firebase/firebase-ios-sdk";
			requirement = {
				kind = upToNextMajorVersion;
				minimumVersion = 12.2.0;
			};
		};
		799BE8392E6D234E00FE40EB /* XCRemoteSwiftPackageReference "GoogleSignIn-iOS" */ = {
			isa = XCRemoteSwiftPackageReference;
			repositoryURL = "https://github.com/google/GoogleSignIn-iOS";
			requirement = {
				kind = upToNextMajorVersion;
				minimumVersion = 9.0.0;
			};
		};
/* End XCRemoteSwiftPackageReference section */

/* Begin XCSwiftPackageProductDependency section */
		799BE82F2E6D233700FE40EB /* FirebaseAuth */ = {
			isa = XCSwiftPackageProductDependency;
			package = 799BE82E2E6D233700FE40EB /* XCRemoteSwiftPackageReference "firebase-ios-sdk" */;
			productName = FirebaseAuth;
		};
		799BE8312E6D233700FE40EB /* FirebaseDatabase */ = {
			isa = XCSwiftPackageProductDependency;
			package = 799BE82E2E6D233700FE40EB /* XCRemoteSwiftPackageReference "firebase-ios-sdk" */;
			productName = FirebaseDatabase;
		};
		799BE8332E6D233700FE40EB /* FirebaseFirestore */ = {
			isa = XCSwiftPackageProductDependency;
			package = 799BE82E2E6D233700FE40EB /* XCRemoteSwiftPackageReference "firebase-ios-sdk" */;
			productName = FirebaseFirestore;
		};
		799BE8352E6D233700FE40EB /* FirebaseFunctions */ = {
			isa = XCSwiftPackageProductDependency;
			package = 799BE82E2E6D233700FE40EB /* XCRemoteSwiftPackageReference "firebase-ios-sdk" */;
			productName = FirebaseFunctions;
		};
		799BE8372E6D233700FE40EB /* FirebaseStorage */ = {
			isa = XCSwiftPackageProductDependency;
			package = 799BE82E2E6D233700FE40EB /* XCRemoteSwiftPackageReference "firebase-ios-sdk" */;
			productName = FirebaseStorage;
		};
		799BE83A2E6D234E00FE40EB /* GoogleSignIn */ = {
			isa = XCSwiftPackageProductDependency;
			package = 799BE8392E6D234E00FE40EB /* XCRemoteSwiftPackageReference "GoogleSignIn-iOS" */;
			productName = GoogleSignIn;
		};
		799BE83C2E6D234E00FE40EB /* GoogleSignInSwift */ = {
			isa = XCSwiftPackageProductDependency;
			package = 799BE8392E6D234E00FE40EB /* XCRemoteSwiftPackageReference "GoogleSignIn-iOS" */;
			productName = GoogleSignInSwift;
		};
/* End XCSwiftPackageProductDependency section */
	};
	rootObject = A1B2C3D4E5F678B6 /* Project object */;
}
