// !$*UTF8*$!
{
	archiveVersion = 1;
	classes = {
	};
	objectVersion = 70;
	objects = {

/* Begin PBXBuildFile section */
		799BE8302E6D233700FE40EB /* FirebaseAuth in Frameworks */ = {isa = PBXBuildFile; productRef = 799BE82F2E6D233700FE40EB /* FirebaseAuth */; };
		799BE8322E6D233700FE40EB /* FirebaseDatabase in Frameworks */ = {isa = PBXBuildFile; productRef = 799BE8312E6D233700FE40EB /* FirebaseDatabase */; };
		799BE8342E6D233700FE40EB /* FirebaseFirestore in Frameworks */ = {isa = PBXBuildFile; productRef = 799BE8332E6D233700FE40EB /* FirebaseFirestore */; };
		799BE8362E6D233700FE40EB /* FirebaseFunctions in Frameworks */ = {isa = PBXBuildFile; productRef = 799BE8352E6D233700FE40EB /* FirebaseFunctions */; };
		799BE8382E6D233700FE40EB /* FirebaseStorage in Frameworks */ = {isa = PBXBuildFile; productRef = 799BE8372E6D233700FE40EB /* FirebaseStorage */; };
		799BE83B2E6D234E00FE40EB /* GoogleSignIn in Frameworks */ = {isa = PBXBuildFile; productRef = 799BE83A2E6D234E00FE40EB /* GoogleSignIn */; };
		799BE83D2E6D234E00FE40EB /* GoogleSignInSwift in Frameworks */ = {isa = PBXBuildFile; productRef = 799BE83C2E6D234E00FE40EB /* GoogleSignInSwift */; };
		799BE8482E6D236100FE40EB /* StorageService.swift in Sources */ = {isa = PBXBuildFile; fileRef = 799BE8432E6D236100FE40EB /* StorageService.swift */; };
		799BE8492E6D236100FE40EB /* GoogleService-Info.plist in Resources */ = {isa = PBXBuildFile; fileRef = 799BE8422E6D236100FE40EB /* GoogleService-Info.plist */; };
		799BE84D2E6D48DE00FE40EB /* EncryptionService.swift in Sources */ = {isa = PBXBuildFile; fileRef = 799BE84C2E6D48DE00FE40EB /* EncryptionService.swift */; };
		799BE84F2E6D48DE00FE40EB /* PureMetrics.entitlements in Resources */ = {isa = PBXBuildFile; fileRef = 799BE84E2E6D48DE00FE40EB /* PureMetrics.entitlements */; };
		A1B2C3D4E5F67894 /* Assets.xcassets in Resources */ = {isa = PBXBuildFile; fileRef = A1B2C3D4E5F67895 /* Assets.xcassets */; };
		A1B2C3D4E5F67896 /* Preview Assets.xcassets in Resources */ = {isa = PBXBuildFile; fileRef = A1B2C3D4E5F67897 /* Preview Assets.xcassets */; };
/* End PBXBuildFile section */

/* Begin PBXFileReference section */
		799BE8422E6D236100FE40EB /* GoogleService-Info.plist */ = {isa = PBXFileReference; lastKnownFileType = text.plist.xml; path = "GoogleService-Info.plist"; sourceTree = "<group>"; };
		799BE8432E6D236100FE40EB /* StorageService.swift */ = {isa = PBXFileReference; lastKnownFileType = sourcecode.swift; path = StorageService.swift; sourceTree = "<group>"; };
		799BE84B2E6D275C00FE40EB /* Info.plist */ = {isa = PBXFileReference; lastKnownFileType = text.plist; path = Info.plist; sourceTree = "<group>"; };
		799BE84C2E6D48DE00FE40EB /* EncryptionService.swift */ = {isa = PBXFileReference; lastKnownFileType = sourcecode.swift; path = EncryptionService.swift; sourceTree = "<group>"; };
		799BE84E2E6D48DE00FE40EB /* PureMetrics.entitlements */ = {isa = PBXFileReference; lastKnownFileType = text.plist.entitlements; path = PureMetrics.entitlements; sourceTree = "<group>"; };
		A1B2C3D4E5F67895 /* Assets.xcassets */ = {isa = PBXFileReference; lastKnownFileType = folder.assetcatalog; path = Assets.xcassets; sourceTree = "<group>"; };
		A1B2C3D4E5F67897 /* Preview Assets.xcassets */ = {isa = PBXFileReference; lastKnownFileType = folder.assetcatalog; path = "Preview Assets.xcassets"; sourceTree = "<group>"; };
		A1B2C3D4E5F678AC /* PureMetrics.app */ = {isa = PBXFileReference; explicitFileType = wrapper.application; includeInIndex = 0; path = PureMetrics.app; sourceTree = BUILT_PRODUCTS_DIR; };
/* End PBXFileReference section */

/* Begin PBXFileSystemSynchronizedRootGroup section */
		799BE8662E6DBC8A00FE40EB /* Nutrition */ = {isa = PBXFileSystemSynchronizedRootGroup; explicitFileTypes = {}; explicitFolders = (); path = Nutrition; sourceTree = "<group>"; };
		799BE8672E6DBC9F00FE40EB /* Workout */ = {isa = PBXFileSystemSynchronizedRootGroup; explicitFileTypes = {}; explicitFolders = (); path = Workout; sourceTree = "<group>"; };
		799BE8682E6DBCC300FE40EB /* Authentication */ = {isa = PBXFileSystemSynchronizedRootGroup; explicitFileTypes = {}; explicitFolders = (); path = Authentication; sourceTree = "<group>"; };
		799BE8692E6DBCD900FE40EB /* Views */ = {isa = PBXFileSystemSynchronizedRootGroup; explicitFileTypes = {}; explicitFolders = (); path = Views; sourceTree = "<group>"; };
		799BE86A2E6DBCEC00FE40EB /* Health */ = {isa = PBXFileSystemSynchronizedRootGroup; explicitFileTypes = {}; explicitFolders = (); path = Health; sourceTree = "<group>"; };
/* End PBXFileSystemSynchronizedRootGroup section */

/* Begin PBXFrameworksBuildPhase section */
		A1B2C3D4E5F678AD /* Frameworks */ = {
			isa = PBXFrameworksBuildPhase;
			buildActionMask = 2147483647;
			files = (
				799BE8322E6D233700FE40EB /* FirebaseDatabase in Frameworks */,
				799BE8302E6D233700FE40EB /* FirebaseAuth in Frameworks */,
				799BE83D2E6D234E00FE40EB /* GoogleSignInSwift in Frameworks */,
				799BE8342E6D233700FE40EB /* FirebaseFirestore in Frameworks */,
				799BE8382E6D233700FE40EB /* FirebaseStorage in Frameworks */,
				799BE8362E6D233700FE40EB /* FirebaseFunctions in Frameworks */,
				799BE83B2E6D234E00FE40EB /* GoogleSignIn in Frameworks */,
			);
			runOnlyForDeploymentPostprocessing = 0;
		};
/* End PBXFrameworksBuildPhase section */

/* Begin PBXGroup section */
		799BE9E02E70DE1D00FE40EB /* Recovered References */ = {
			isa = PBXGroup;
			children = (
				799BE84E2E6D48DE00FE40EB /* PureMetrics.entitlements */,
			);
			name = "Recovered References";
			sourceTree = "<group>";
		};
		A1B2C3D4E5F678AE = {
			isa = PBXGroup;
			children = (
				A1B2C3D4E5F678AF /* PureMetrics */,
				A1B2C3D4E5F678B0 /* Products */,
				799BE9E02E70DE1D00FE40EB /* Recovered References */,
			);
			sourceTree = "<group>";
		};
		A1B2C3D4E5F678AF /* PureMetrics */ = {
			isa = PBXGroup;
			children = (
				799BE86A2E6DBCEC00FE40EB /* Health */,
				799BE8692E6DBCD900FE40EB /* Views */,
				799BE8682E6DBCC300FE40EB /* Authentication */,
				799BE8662E6DBC8A00FE40EB /* Nutrition */,
				799BE8672E6DBC9F00FE40EB /* Workout */,
				799BE84C2E6D48DE00FE40EB /* EncryptionService.swift */,
				799BE84B2E6D275C00FE40EB /* Info.plist */,
				799BE8422E6D236100FE40EB /* GoogleService-Info.plist */,
				799BE8432E6D236100FE40EB /* StorageService.swift */,
				A1B2C3D4E5F67895 /* Assets.xcassets */,
				A1B2C3D4E5F678B1 /* Preview Content */,
			);
			path = PureMetrics;
			sourceTree = "<group>";
		};
		A1B2C3D4E5F678B0 /* Products */ = {
			isa = PBXGroup;
			children = (
				A1B2C3D4E5F678AC /* PureMetrics.app */,
			);
			name = Products;
			sourceTree = "<group>";
		};
		A1B2C3D4E5F678B1 /* Preview Content */ = {
			isa = PBXGroup;
			children = (
				A1B2C3D4E5F67897 /* Preview Assets.xcassets */,
			);
			path = "Preview Content";
			sourceTree = "<group>";
		};
/* End PBXGroup section */

/* Begin PBXNativeTarget section */
		A1B2C3D4E5F678B2 /* PureMetrics */ = {
			isa = PBXNativeTarget;
			buildConfigurationList = A1B2C3D4E5F678B3 /* Build configuration list for PBXNativeTarget "PureMetrics" */;
			buildPhases = (
				A1B2C3D4E5F678B4 /* Sources */,
				A1B2C3D4E5F678AD /* Frameworks */,
				A1B2C3D4E5F678B5 /* Resources */,
			);
			buildRules = (
			);
			dependencies = (
			);
			fileSystemSynchronizedGroups = (
				799BE8662E6DBC8A00FE40EB /* Nutrition */,
				799BE8672E6DBC9F00FE40EB /* Workout */,
				799BE8682E6DBCC300FE40EB /* Authentication */,
				799BE8692E6DBCD900FE40EB /* Views */,
				799BE86A2E6DBCEC00FE40EB /* Health */,
			);
			name = PureMetrics;
			productName = PureMetrics;
			productReference = A1B2C3D4E5F678AC /* PureMetrics.app */;
			productType = "com.apple.product-type.application";
		};
/* End PBXNativeTarget section */

/* Begin PBXProject section */
		A1B2C3D4E5F678B6 /* Project object */ = {
			isa = PBXProject;
			attributes = {
				BuildIndependentTargetsInParallel = 1;
				LastSwiftUpdateCheck = 1500;
				LastUpgradeCheck = 1500;
				TargetAttributes = {
					A1B2C3D4E5F678B2 = {
						CreatedOnToolsVersion = 15.0;
					};
				};
			};
			buildConfigurationList = A1B2C3D4E5F678B7 /* Build configuration list for PBXProject "PureMetrics" */;
			compatibilityVersion = "Xcode 14.0";
			developmentRegion = en;
			hasScannedForEncodings = 0;
			knownRegions = (
				en,
				Base,
			);
			mainGroup = A1B2C3D4E5F678AE;
			packageReferences = (
				799BE82E2E6D233700FE40EB /* XCRemoteSwiftPackageReference "firebase-ios-sdk" */,
				799BE8392E6D234E00FE40EB /* XCRemoteSwiftPackageReference "GoogleSignIn-iOS" */,
			);
			productRefGroup = A1B2C3D4E5F678B0 /* Products */;
			projectDirPath = "";
			projectRoot = "";
			targets = (
				A1B2C3D4E5F678B2 /* PureMetrics */,
			);
		};
/* End PBXProject section */

/* Begin PBXResourcesBuildPhase section */
		A1B2C3D4E5F678B5 /* Resources */ = {
			isa = PBXResourcesBuildPhase;
			buildActionMask = 2147483647;
			files = (
				A1B2C3D4E5F67896 /* Preview Assets.xcassets in Resources */,
				A1B2C3D4E5F67894 /* Assets.xcassets in Resources */,
				799BE8492E6D236100FE40EB /* GoogleService-Info.plist in Resources */,
				799BE84F2E6D48DE00FE40EB /* PureMetrics.entitlements in Resources */,
			);
			runOnlyForDeploymentPostprocessing = 0;
		};
/* End PBXResourcesBuildPhase section */

/* Begin PBXSourcesBuildPhase section */
		A1B2C3D4E5F678B4 /* Sources */ = {
			isa = PBXSourcesBuildPhase;
			buildActionMask = 2147483647;
			files = (
				799BE8482E6D236100FE40EB /* StorageService.swift in Sources */,
				799BE84D2E6D48DE00FE40EB /* EncryptionService.swift in Sources */,
			);
			runOnlyForDeploymentPostprocessing = 0;
		};
/* End PBXSourcesBuildPhase section */

/* Begin XCBuildConfiguration section */
		A1B2C3D4E5F678B8 /* Debug */ = {
			isa = XCBuildConfiguration;
			buildSettings = {
				ALWAYS_SEARCH_USER_PATHS = NO;
				ASSETCATALOG_COMPILER_GENERATE_SWIFT_ASSET_SYMBOL_EXTENSIONS = YES;
				CLANG_ANALYZER_NONNULL = YES;
				CLANG_ANALYZER_NUMBER_OBJECT_CONVERSION = YES_AGGRESSIVE;
				CLANG_CXX_LANGUAGE_STANDARD = "gnu++20";
				CLANG_ENABLE_MODULES = YES;
				CLANG_ENABLE_OBJC_ARC = YES;
				CLANG_ENABLE_OBJC_WEAK = YES;
				CLANG_WARN_BLOCK_CAPTURE_AUTORELEASING = YES;
				CLANG_WARN_BOOL_CONVERSION = YES;
				CLANG_WARN_COMMA = YES;
				CLANG_WARN_CONSTANT_CONVERSION = YES;
				CLANG_WARN_DEPRECATED_OBJC_IMPLEMENTATIONS = YES;
				CLANG_WARN_DIRECT_OBJC_ISA_USAGE = YES_ERROR;
				CLANG_WARN_DOCUMENTATION_COMMENTS = YES;
				CLANG_WARN_EMPTY_BODY = YES;
				CLANG_WARN_ENUM_CONVERSION = YES;
				CLANG_WARN_INFINITE_RECURSION = YES;
				CLANG_WARN_INT_CONVERSION = YES;
				CLANG_WARN_NON_LITERAL_NULL_CONVERSION = YES;
				CLANG_WARN_OBJC_IMPLICIT_RETAIN_SELF = YES;
				CLANG_WARN_OBJC_LITERAL_CONVERSION = YES;
				CLANG_WARN_OBJC_ROOT_CLASS = YES_ERROR;
				CLANG_WARN_QUOTED_INCLUDE_IN_FRAMEWORK_HEADER = YES;
				CLANG_WARN_RANGE_LOOP_ANALYSIS = YES;
				CLANG_WARN_STRICT_PROTOTYPES = YES;
				CLANG_WARN_SUSPICIOUS_MOVE = YES;
				CLANG_WARN_UNGUARDED_AVAILABILITY = YES_AGGRESSIVE;
				CLANG_WARN_UNREACHABLE_CODE = YES;
				CLANG_WARN__DUPLICATE_METHOD_MATCH = YES;
				COPY_PHASE_STRIP = NO;
				DEBUG_INFORMATION_FORMAT = dwarf;
				ENABLE_STRICT_OBJC_MSGSEND = YES;
				ENABLE_TESTABILITY = YES;
				ENABLE_USER_SCRIPT_SANDBOXING = YES;
				GCC_C_LANGUAGE_STANDARD = gnu17;
				GCC_DYNAMIC_NO_PIC = NO;
				GCC_NO_COMMON_BLOCKS = YES;
				GCC_OPTIMIZATION_LEVEL = 0;
				GCC_PREPROCESSOR_DEFINITIONS = (
					"DEBUG=1",
					"$(inherited)",
				);
				GCC_WARN_64_TO_32_BIT_CONVERSION = YES;
				GCC_WARN_ABOUT_RETURN_TYPE = YES_ERROR;
				GCC_WARN_UNDECLARED_SELECTOR = YES;
				GCC_WARN_UNINITIALIZED_AUTOS = YES_AGGRESSIVE;
				GCC_WARN_UNUSED_FUNCTION = YES;
				GCC_WARN_UNUSED_VARIABLE = YES;
				IPHONEOS_DEPLOYMENT_TARGET = 17.0;
				LOCALIZATION_PREFERS_STRING_CATALOGS = YES;
				MTL_ENABLE_DEBUG_INFO = INCLUDE_SOURCE;
				MTL_FAST_MATH = YES;
				ONLY_ACTIVE_ARCH = YES;
				SDKROOT = iphoneos;
				SWIFT_ACTIVE_COMPILATION_CONDITIONS = "DEBUG $(inherited)";
				SWIFT_OPTIMIZATION_LEVEL = "-Onone";
			};
			name = Debug;
		};
		A1B2C3D4E5F678B9 /* Release */ = {
			isa = XCBuildConfiguration;
			buildSettings = {
				ALWAYS_SEARCH_USER_PATHS = NO;
				ASSETCATALOG_COMPILER_GENERATE_SWIFT_ASSET_SYMBOL_EXTENSIONS = YES;
				CLANG_ANALYZER_NONNULL = YES;
				CLANG_ANALYZER_NUMBER_OBJECT_CONVERSION = YES_AGGRESSIVE;
				CLANG_CXX_LANGUAGE_STANDARD = "gnu++20";
				CLANG_ENABLE_MODULES = YES;
				CLANG_ENABLE_OBJC_ARC = YES;
				CLANG_ENABLE_OBJC_WEAK = YES;
				CLANG_WARN_BLOCK_CAPTURE_AUTORELEASING = YES;
				CLANG_WARN_BOOL_CONVERSION = YES;
				CLANG_WARN_COMMA = YES;
				CLANG_WARN_CONSTANT_CONVERSION = YES;
				CLANG_WARN_DEPRECATED_OBJC_IMPLEMENTATIONS = YES;
				CLANG_WARN_DIRECT_OBJC_ISA_USAGE = YES_ERROR;
				CLANG_WARN_DOCUMENTATION_COMMENTS = YES;
				CLANG_WARN_EMPTY_BODY = YES;
				CLANG_WARN_ENUM_CONVERSION = YES;
				CLANG_WARN_INFINITE_RECURSION = YES;
				CLANG_WARN_INT_CONVERSION = YES;
				CLANG_WARN_NON_LITERAL_NULL_CONVERSION = YES;
				CLANG_WARN_OBJC_IMPLICIT_RETAIN_SELF = YES;
				CLANG_WARN_OBJC_LITERAL_CONVERSION = YES;
				CLANG_WARN_OBJC_ROOT_CLASS = YES_ERROR;
				CLANG_WARN_QUOTED_INCLUDE_IN_FRAMEWORK_HEADER = YES;
				CLANG_WARN_RANGE_LOOP_ANALYSIS = YES;
				CLANG_WARN_STRICT_PROTOTYPES = YES;
				CLANG_WARN_SUSPICIOUS_MOVE = YES;
				CLANG_WARN_UNGUARDED_AVAILABILITY = YES_AGGRESSIVE;
				CLANG_WARN_UNREACHABLE_CODE = YES;
				CLANG_WARN__DUPLICATE_METHOD_MATCH = YES;
				COPY_PHASE_STRIP = NO;
				DEBUG_INFORMATION_FORMAT = "dwarf-with-dsym";
				ENABLE_NS_ASSERTIONS = NO;
				ENABLE_STRICT_OBJC_MSGSEND = YES;
				ENABLE_USER_SCRIPT_SANDBOXING = YES;
				GCC_C_LANGUAGE_STANDARD = gnu17;
				GCC_NO_COMMON_BLOCKS = YES;
				GCC_WARN_64_TO_32_BIT_CONVERSION = YES;
				GCC_WARN_ABOUT_RETURN_TYPE = YES_ERROR;
				GCC_WARN_UNDECLARED_SELECTOR = YES;
				GCC_WARN_UNINITIALIZED_AUTOS = YES_AGGRESSIVE;
				GCC_WARN_UNUSED_FUNCTION = YES;
				GCC_WARN_UNUSED_VARIABLE = YES;
				IPHONEOS_DEPLOYMENT_TARGET = 17.0;
				LOCALIZATION_PREFERS_STRING_CATALOGS = YES;
				MTL_ENABLE_DEBUG_INFO = NO;
				MTL_FAST_MATH = YES;
				SDKROOT = iphoneos;
				SWIFT_COMPILATION_MODE = wholemodule;
				VALIDATE_PRODUCT = YES;
			};
			name = Release;
		};
		A1B2C3D4E5F678BA /* Debug */ = {
			isa = XCBuildConfiguration;
			buildSettings = {
				ASSETCATALOG_COMPILER_APPICON_NAME = AppIcon;
				ASSETCATALOG_COMPILER_GLOBAL_ACCENT_COLOR_NAME = AccentColor;
				ASSETCATALOG_COMPILER_INCLUDE_ALL_APPICON_ASSETS = YES;
				CODE_SIGN_ENTITLEMENTS = PureMetrics.entitlements;
				CODE_SIGN_STYLE = Automatic;
				CURRENT_PROJECT_VERSION = 2;
				DEVELOPMENT_ASSET_PATHS = "\"PureMetrics/Preview Content\"";
				DEVELOPMENT_TEAM = HN6CFCKN72;
				ENABLE_PREVIEWS = YES;
				GENERATE_INFOPLIST_FILE = YES;
				INFOPLIST_FILE = PureMetrics/Info.plist;
				INFOPLIST_KEY_CFBundleURLTypes = "{\n    CFBundleURLName = GoogleSignIn;\n    CFBundleURLSchemes =     (\n        \"com.googleusercontent.apps.648441755880-ufqhb40a3a4m0sdlc202hm0hguuq75f4\"\n    );\n}";
				INFOPLIST_KEY_UIApplicationSceneManifest_Generation = YES;
				INFOPLIST_KEY_UIApplicationSupportsIndirectInputEvents = YES;
				INFOPLIST_KEY_UILaunchScreen_Generation = YES;
				INFOPLIST_KEY_UISupportedInterfaceOrientations_iPad = "UIInterfaceOrientationPortrait UIInterfaceOrientationPortraitUpsideDown UIInterfaceOrientationLandscapeLeft UIInterfaceOrientationLandscapeRight";
				INFOPLIST_KEY_UISupportedInterfaceOrientations_iPhone = "UIInterfaceOrientationPortrait UIInterfaceOrientationLandscapeLeft UIInterfaceOrientationLandscapeRight";
				LD_RUNPATH_SEARCH_PATHS = (
					"$(inherited)",
					"@executable_path/Frameworks",
				);
				MARKETING_VERSION = 1.1;
				PRODUCT_BUNDLE_IDENTIFIER = com.puremetrics.app;
				PRODUCT_NAME = "$(TARGET_NAME)";
				SWIFT_EMIT_LOC_STRINGS = YES;
				SWIFT_VERSION = 5.0;
				TARGETED_DEVICE_FAMILY = "1,2";
			};
			name = Debug;
		};
		A1B2C3D4E5F678BB /* Release */ = {
			isa = XCBuildConfiguration;
			buildSettings = {
				ASSETCATALOG_COMPILER_APPICON_NAME = AppIcon;
				ASSETCATALOG_COMPILER_GLOBAL_ACCENT_COLOR_NAME = AccentColor;
				ASSETCATALOG_COMPILER_INCLUDE_ALL_APPICON_ASSETS = YES;
				CODE_SIGN_ENTITLEMENTS = PureMetrics.entitlements;
				CODE_SIGN_STYLE = Automatic;
				CURRENT_PROJECT_VERSION = 2;
				DEVELOPMENT_ASSET_PATHS = "\"PureMetrics/Preview Content\"";
				DEVELOPMENT_TEAM = HN6CFCKN72;
				ENABLE_PREVIEWS = YES;
				GENERATE_INFOPLIST_FILE = YES;
				INFOPLIST_FILE = PureMetrics/Info.plist;
				INFOPLIST_KEY_CFBundleURLTypes = "{\n    CFBundleURLName = GoogleSignIn;\n    CFBundleURLSchemes =     (\n        \"com.googleusercontent.apps.648441755880-ufqhb40a3a4m0sdlc202hm0hguuq75f4\"\n    );\n}";
				INFOPLIST_KEY_UIApplicationSceneManifest_Generation = YES;
				INFOPLIST_KEY_UIApplicationSupportsIndirectInputEvents = YES;
				INFOPLIST_KEY_UILaunchScreen_Generation = YES;
				INFOPLIST_KEY_UISupportedInterfaceOrientations_iPad = "UIInterfaceOrientationPortrait UIInterfaceOrientationPortraitUpsideDown UIInterfaceOrientationLandscapeLeft UIInterfaceOrientationLandscapeRight";
				INFOPLIST_KEY_UISupportedInterfaceOrientations_iPhone = "UIInterfaceOrientationPortrait UIInterfaceOrientationLandscapeLeft UIInterfaceOrientationLandscapeRight";
				LD_RUNPATH_SEARCH_PATHS = (
					"$(inherited)",
					"@executable_path/Frameworks",
				);
				MARKETING_VERSION = 1.1;
				PRODUCT_BUNDLE_IDENTIFIER = com.puremetrics.app;
				PRODUCT_NAME = "$(TARGET_NAME)";
				SWIFT_EMIT_LOC_STRINGS = YES;
				SWIFT_VERSION = 5.0;
				TARGETED_DEVICE_FAMILY = "1,2";
			};
			name = Release;
		};
/* End XCBuildConfiguration section */

/* Begin XCConfigurationList section */
		A1B2C3D4E5F678B3 /* Build configuration list for PBXNativeTarget "PureMetrics" */ = {
			isa = XCConfigurationList;
			buildConfigurations = (
				A1B2C3D4E5F678BA /* Debug */,
				A1B2C3D4E5F678BB /* Release */,
			);
			defaultConfigurationIsVisible = 0;
			defaultConfigurationName = Release;
		};
		A1B2C3D4E5F678B7 /* Build configuration list for PBXProject "PureMetrics" */ = {
			isa = XCConfigurationList;
			buildConfigurations = (
				A1B2C3D4E5F678B8 /* Debug */,
				A1B2C3D4E5F678B9 /* Release */,
			);
			defaultConfigurationIsVisible = 0;
			defaultConfigurationName = Release;
		};
/* End XCConfigurationList section */

/* Begin XCRemoteSwiftPackageReference section */
		799BE82E2E6D233700FE40EB /* XCRemoteSwiftPackageReference "firebase-ios-sdk" */ = {
			isa = XCRemoteSwiftPackageReference;
			repositoryURL = "https://github.com/firebase/firebase-ios-sdk";
			requirement = {
				kind = upToNextMajorVersion;
				minimumVersion = 12.2.0;
			};
		};
		799BE8392E6D234E00FE40EB /* XCRemoteSwiftPackageReference "GoogleSignIn-iOS" */ = {
			isa = XCRemoteSwiftPackageReference;
			repositoryURL = "https://github.com/google/GoogleSignIn-iOS";
			requirement = {
				kind = upToNextMajorVersion;
				minimumVersion = 9.0.0;
			};
		};
/* End XCRemoteSwiftPackageReference section */

/* Begin XCSwiftPackageProductDependency section */
		799BE82F2E6D233700FE40EB /* FirebaseAuth */ = {
			isa = XCSwiftPackageProductDependency;
			package = 799BE82E2E6D233700FE40EB /* XCRemoteSwiftPackageReference "firebase-ios-sdk" */;
			productName = FirebaseAuth;
		};
		799BE8312E6D233700FE40EB /* FirebaseDatabase */ = {
			isa = XCSwiftPackageProductDependency;
			package = 799BE82E2E6D233700FE40EB /* XCRemoteSwiftPackageReference "firebase-ios-sdk" */;
			productName = FirebaseDatabase;
		};
		799BE8332E6D233700FE40EB /* FirebaseFirestore */ = {
			isa = XCSwiftPackageProductDependency;
			package = 799BE82E2E6D233700FE40EB /* XCRemoteSwiftPackageReference "firebase-ios-sdk" */;
			productName = FirebaseFirestore;
		};
		799BE8352E6D233700FE40EB /* FirebaseFunctions */ = {
			isa = XCSwiftPackageProductDependency;
			package = 799BE82E2E6D233700FE40EB /* XCRemoteSwiftPackageReference "firebase-ios-sdk" */;
			productName = FirebaseFunctions;
		};
		799BE8372E6D233700FE40EB /* FirebaseStorage */ = {
			isa = XCSwiftPackageProductDependency;
			package = 799BE82E2E6D233700FE40EB /* XCRemoteSwiftPackageReference "firebase-ios-sdk" */;
			productName = FirebaseStorage;
		};
		799BE83A2E6D234E00FE40EB /* GoogleSignIn */ = {
			isa = XCSwiftPackageProductDependency;
			package = 799BE8392E6D234E00FE40EB /* XCRemoteSwiftPackageReference "GoogleSignIn-iOS" */;
			productName = GoogleSignIn;
		};
		799BE83C2E6D234E00FE40EB /* GoogleSignInSwift */ = {
			isa = XCSwiftPackageProductDependency;
			package = 799BE8392E6D234E00FE40EB /* XCRemoteSwiftPackageReference "GoogleSignIn-iOS" */;
			productName = GoogleSignInSwift;
		};
/* End XCSwiftPackageProductDependency section */
	};
	rootObject = A1B2C3D4E5F678B6 /* Project object */;
}
